// !$*UTF8*$!
{
	archiveVersion = 1;
	classes = {
	};
	objectVersion = 77;
	objects = {

/* Begin PBXBuildFile section */
		1A0000000000000000000026 /* WrkTimeWidgetsExtension.appex in Embed Foundation Extensions */ = {isa = PBXBuildFile; fileRef = 1A000000000000000000001E /* WrkTimeWidgetsExtension.appex */; settings = {ATTRIBUTES = (RemoveHeadersOnCopy, ); }; };
		1A0000000000000000000037 /* WrkTimeWatch.app in Embed Watch Content */ = {isa = PBXBuildFile; fileRef = 1A000000000000000000002C /* WrkTimeWatch.app */; settings = {ATTRIBUTES = (RemoveHeadersOnCopy, ); }; };
		1A0000000000000000000045 /* WrkTimeWatchWidgetsExtension.appex in Embed Foundation Extensions */ = {isa = PBXBuildFile; fileRef = 1A000000000000000000003B /* WrkTimeWatchWidgetsExtension.appex */; settings = {ATTRIBUTES = (RemoveHeadersOnCopy, ); }; };
/* End PBXBuildFile section */

/* Begin PBXContainerItemProxy section */
		1A000000000000000000001A /* PBXContainerItemProxy */ = {
			isa = PBXContainerItemProxy;
			containerPortal = 1A0000000000000000000001 /* Project object */;
			proxyType = 1;
			remoteGlobalIDString = 1A0000000000000000000004;
			remoteInfo = WrkTime;
		};
		1A0000000000000000000028 /* PBXContainerItemProxy */ = {
			isa = PBXContainerItemProxy;
			containerPortal = 1A0000000000000000000001 /* Project object */;
			proxyType = 1;
			remoteGlobalIDString = 1A000000000000000000001D;
			remoteInfo = WrkTimeWidgetsExtension;
		};
		1A000000000000000000003A /* PBXContainerItemProxy */ = {
			isa = PBXContainerItemProxy;
			containerPortal = 1A0000000000000000000001 /* Project object */;
			proxyType = 1;
			remoteGlobalIDString = 1A000000000000000000002D;
			remoteInfo = WrkTimeWatch;
		};
		1A0000000000000000000047 /* PBXContainerItemProxy */ = {
			isa = PBXContainerItemProxy;
			containerPortal = 1A0000000000000000000001 /* Project object */;
			proxyType = 1;
			remoteGlobalIDString = 1A000000000000000000003C;
			remoteInfo = WrkTimeWatchWidgetsExtension;
		};
/* End PBXContainerItemProxy section */

/* Begin PBXCopyFilesBuildPhase section */
		1A0000000000000000000025 /* Embed Foundation Extensions */ = {
			isa = PBXCopyFilesBuildPhase;
			buildActionMask = 2147483647;
			dstPath = "";
			dstSubfolderSpec = 13;
			files = (
				1A0000000000000000000026 /* WrkTimeWidgetsExtension.appex in Embed Foundation Extensions */,
			);
			name = "Embed Foundation Extensions";
			runOnlyForDeploymentPostprocessing = 0;
		};
		1A0000000000000000000038 /* Embed Watch Content */ = {
			isa = PBXCopyFilesBuildPhase;
			buildActionMask = 2147483647;
			dstPath = "$(CONTENTS_FOLDER_PATH)/Watch";
			dstSubfolderSpec = 16;
			files = (
				1A0000000000000000000037 /* WrkTimeWatch.app in Embed Watch Content */,
			);
			name = "Embed Watch Content";
			runOnlyForDeploymentPostprocessing = 0;
		};
		1A0000000000000000000031 /* Embed Foundation Extensions */ = {
			isa = PBXCopyFilesBuildPhase;
			buildActionMask = 2147483647;
			dstPath = "";
			dstSubfolderSpec = 13;
			files = (
				1A0000000000000000000045 /* WrkTimeWatchWidgetsExtension.appex in Embed Foundation Extensions */,
			);
			name = "Embed Foundation Extensions";
			runOnlyForDeploymentPostprocessing = 0;
		};
/* End PBXCopyFilesBuildPhase section */

/* Begin PBXFileReference section */
		1A0000000000000000000006 /* WrkTime.app */ = {isa = PBXFileReference; explicitFileType = wrapper.application; includeInIndex = 0; path = WrkTime.app; sourceTree = BUILT_PRODUCTS_DIR; };
		1A0000000000000000000007 /* WrkTimeTests.xctest */ = {isa = PBXFileReference; explicitFileType = wrapper.cfbundle; includeInIndex = 0; path = WrkTimeTests.xctest; sourceTree = BUILT_PRODUCTS_DIR; };
		1A000000000000000000001E /* WrkTimeWidgetsExtension.appex */ = {isa = PBXFileReference; explicitFileType = "wrapper.app-extension"; includeInIndex = 0; path = WrkTimeWidgetsExtension.appex; sourceTree = BUILT_PRODUCTS_DIR; };
		1A000000000000000000002C /* WrkTimeWatch.app */ = {isa = PBXFileReference; explicitFileType = wrapper.application; includeInIndex = 0; path = WrkTimeWatch.app; sourceTree = BUILT_PRODUCTS_DIR; };
		1A000000000000000000003B /* WrkTimeWatchWidgetsExtension.appex */ = {isa = PBXFileReference; explicitFileType = "wrapper.app-extension"; includeInIndex = 0; path = WrkTimeWatchWidgetsExtension.appex; sourceTree = BUILT_PRODUCTS_DIR; };
/* End PBXFileReference section */

/* Begin PBXFileSystemSynchronizedBuildFileExceptionSet section */
		1A0000000000000000000029 /* Exceptions for "WrkTimeWidgets" folder in "WrkTimeWidgetsExtension" target */ = {
			isa = PBXFileSystemSynchronizedBuildFileExceptionSet;
			membershipExceptions = (
				Info.plist,
			);
			target = 1A000000000000000000001D /* WrkTimeWidgetsExtension */;
		};
		1A000000000000000000002A /* Exceptions for "WrkTime" folder in "WrkTime" target */ = {
			isa = PBXFileSystemSynchronizedBuildFileExceptionSet;
			membershipExceptions = (
				Info.plist,
			);
			target = 1A0000000000000000000004 /* WrkTime */;
		};
		1A0000000000000000000033 /* Exceptions for "WrkTimeWatch" folder in "WrkTimeWatch" target */ = {
			isa = PBXFileSystemSynchronizedBuildFileExceptionSet;
			membershipExceptions = (
				Info.plist,
			);
			target = 1A000000000000000000002D /* WrkTimeWatch */;
		};
		1A0000000000000000000041 /* Exceptions for "WrkTimeWatchWidgets" folder in "WrkTimeWatchWidgetsExtension" target */ = {
			isa = PBXFileSystemSynchronizedBuildFileExceptionSet;
			membershipExceptions = (
				Info.plist,
			);
			target = 1A000000000000000000003C /* WrkTimeWatchWidgetsExtension */;
		};
/* End PBXFileSystemSynchronizedBuildFileExceptionSet section */

/* Begin PBXFileSystemSynchronizedRootGroup section */
		1A0000000000000000000008 /* WrkTime */ = {
			isa = PBXFileSystemSynchronizedRootGroup;
			exceptions = (
				1A000000000000000000002A /* Exceptions for "WrkTime" folder in "WrkTime" target */,
			);
			path = WrkTime;
			sourceTree = "<group>";
		};
		1A0000000000000000000009 /* WrkTimeTests */ = {
			isa = PBXFileSystemSynchronizedRootGroup;
			path = WrkTimeTests;
			sourceTree = "<group>";
		};
		1A000000000000000000001B /* Shared */ = {
			isa = PBXFileSystemSynchronizedRootGroup;
			path = Shared;
			sourceTree = "<group>";
		};
		1A000000000000000000002B /* Core */ = {
			isa = PBXFileSystemSynchronizedRootGroup;
			path = Core;
			sourceTree = "<group>";
		};
		1A000000000000000000001C /* WrkTimeWidgets */ = {
			isa = PBXFileSystemSynchronizedRootGroup;
			exceptions = (
				1A0000000000000000000029 /* Exceptions for "WrkTimeWidgets" folder in "WrkTimeWidgetsExtension" target */,
			);
			path = WrkTimeWidgets;
			sourceTree = "<group>";
		};
		1A0000000000000000000032 /* WrkTimeWatch */ = {
			isa = PBXFileSystemSynchronizedRootGroup;
			exceptions = (
				1A0000000000000000000033 /* Exceptions for "WrkTimeWatch" folder in "WrkTimeWatch" target */,
			);
			path = WrkTimeWatch;
			sourceTree = "<group>";
		};
		1A0000000000000000000040 /* WrkTimeWatchWidgets */ = {
			isa = PBXFileSystemSynchronizedRootGroup;
			exceptions = (
				1A0000000000000000000041 /* Exceptions for "WrkTimeWatchWidgets" folder in "WrkTimeWatchWidgetsExtension" target */,
			);
			path = WrkTimeWatchWidgets;
			sourceTree = "<group>";
		};
/* End PBXFileSystemSynchronizedRootGroup section */

/* Begin PBXFrameworksBuildPhase section */
		1A000000000000000000000B /* Frameworks */ = {
			isa = PBXFrameworksBuildPhase;
			buildActionMask = 2147483647;
			files = (
			);
			runOnlyForDeploymentPostprocessing = 0;
		};
		1A000000000000000000000E /* Frameworks */ = {
			isa = PBXFrameworksBuildPhase;
			buildActionMask = 2147483647;
			files = (
			);
			runOnlyForDeploymentPostprocessing = 0;
		};
		1A0000000000000000000020 /* Frameworks */ = {
			isa = PBXFrameworksBuildPhase;
			buildActionMask = 2147483647;
			files = (
			);
			runOnlyForDeploymentPostprocessing = 0;
		};
		1A000000000000000000002F /* Frameworks */ = {
			isa = PBXFrameworksBuildPhase;
			buildActionMask = 2147483647;
			files = (
			);
			runOnlyForDeploymentPostprocessing = 0;
		};
		1A000000000000000000003E /* Frameworks */ = {
			isa = PBXFrameworksBuildPhase;
			buildActionMask = 2147483647;
			files = (
			);
			runOnlyForDeploymentPostprocessing = 0;
		};
/* End PBXFrameworksBuildPhase section */

/* Begin PBXGroup section */
		1A0000000000000000000002 = {
			isa = PBXGroup;
			children = (
				1A000000000000000000002B /* Core */,
				1A000000000000000000001B /* Shared */,
				1A0000000000000000000008 /* WrkTime */,
				1A000000000000000000001C /* WrkTimeWidgets */,
				1A0000000000000000000032 /* WrkTimeWatch */,
				1A0000000000000000000040 /* WrkTimeWatchWidgets */,
				1A0000000000000000000009 /* WrkTimeTests */,
				1A0000000000000000000003 /* Products */,
			);
			sourceTree = "<group>";
		};
		1A0000000000000000000003 /* Products */ = {
			isa = PBXGroup;
			children = (
				1A0000000000000000000006 /* WrkTime.app */,
				1A000000000000000000001E /* WrkTimeWidgetsExtension.appex */,
				1A000000000000000000002C /* WrkTimeWatch.app */,
				1A000000000000000000003B /* WrkTimeWatchWidgetsExtension.appex */,
				1A0000000000000000000007 /* WrkTimeTests.xctest */,
			);
			name = Products;
			sourceTree = "<group>";
		};
/* End PBXGroup section */

/* Begin PBXNativeTarget section */
		1A0000000000000000000004 /* WrkTime */ = {
			isa = PBXNativeTarget;
			buildConfigurationList = 1A0000000000000000000011 /* Build configuration list for PBXNativeTarget "WrkTime" */;
			buildPhases = (
				1A000000000000000000000A /* Sources */,
				1A000000000000000000000B /* Frameworks */,
				1A000000000000000000000C /* Resources */,
				1A0000000000000000000025 /* Embed Foundation Extensions */,
				1A0000000000000000000038 /* Embed Watch Content */,
			);
			buildRules = (
			);
			dependencies = (
				1A0000000000000000000027 /* PBXTargetDependency */,
				1A0000000000000000000039 /* PBXTargetDependency */,
			);
			fileSystemSynchronizedGroups = (
				1A000000000000000000002B /* Core */,
				1A0000000000000000000008 /* WrkTime */,
				1A000000000000000000001B /* Shared */,
			);
			name = WrkTime;
			productName = WrkTime;
			productReference = 1A0000000000000000000006 /* WrkTime.app */;
			productType = "com.apple.product-type.application";
		};
		1A0000000000000000000005 /* WrkTimeTests */ = {
			isa = PBXNativeTarget;
			buildConfigurationList = 1A0000000000000000000012 /* Build configuration list for PBXNativeTarget "WrkTimeTests" */;
			buildPhases = (
				1A000000000000000000000D /* Sources */,
				1A000000000000000000000E /* Frameworks */,
				1A000000000000000000000F /* Resources */,
			);
			buildRules = (
			);
			dependencies = (
				1A0000000000000000000019 /* PBXTargetDependency */,
			);
			fileSystemSynchronizedGroups = (
				1A0000000000000000000009 /* WrkTimeTests */,
			);
			name = WrkTimeTests;
			productName = WrkTimeTests;
			productReference = 1A0000000000000000000007 /* WrkTimeTests.xctest */;
			productType = "com.apple.product-type.bundle.unit-test";
		};
		1A000000000000000000001D /* WrkTimeWidgetsExtension */ = {
			isa = PBXNativeTarget;
			buildConfigurationList = 1A0000000000000000000022 /* Build configuration list for PBXNativeTarget "WrkTimeWidgetsExtension" */;
			buildPhases = (
				1A000000000000000000001F /* Sources */,
				1A0000000000000000000020 /* Frameworks */,
				1A0000000000000000000021 /* Resources */,
			);
			buildRules = (
			);
			dependencies = (
			);
			fileSystemSynchronizedGroups = (
				1A000000000000000000001B /* Shared */,
				1A000000000000000000001C /* WrkTimeWidgets */,
			);
			name = WrkTimeWidgetsExtension;
			productName = WrkTimeWidgetsExtension;
			productReference = 1A000000000000000000001E /* WrkTimeWidgetsExtension.appex */;
			productType = "com.apple.product-type.app-extension";
		};
		1A000000000000000000002D /* WrkTimeWatch */ = {
			isa = PBXNativeTarget;
			buildConfigurationList = 1A0000000000000000000036 /* Build configuration list for PBXNativeTarget "WrkTimeWatch" */;
			buildPhases = (
				1A000000000000000000002E /* Sources */,
				1A000000000000000000002F /* Frameworks */,
				1A0000000000000000000030 /* Resources */,
				1A0000000000000000000031 /* Embed Foundation Extensions */,
			);
			buildRules = (
			);
			dependencies = (
				1A0000000000000000000046 /* PBXTargetDependency */,
			);
			fileSystemSynchronizedGroups = (
				1A000000000000000000002B /* Core */,
				1A000000000000000000001B /* Shared */,
				1A0000000000000000000032 /* WrkTimeWatch */,
			);
			name = WrkTimeWatch;
			productName = WrkTimeWatch;
			productReference = 1A000000000000000000002C /* WrkTimeWatch.app */;
			productType = "com.apple.product-type.application";
		};
		1A000000000000000000003C /* WrkTimeWatchWidgetsExtension */ = {
			isa = PBXNativeTarget;
			buildConfigurationList = 1A0000000000000000000044 /* Build configuration list for PBXNativeTarget "WrkTimeWatchWidgetsExtension" */;
			buildPhases = (
				1A000000000000000000003D /* Sources */,
				1A000000000000000000003E /* Frameworks */,
				1A000000000000000000003F /* Resources */,
			);
			buildRules = (
			);
			dependencies = (
			);
			fileSystemSynchronizedGroups = (
				1A000000000000000000001B /* Shared */,
				1A0000000000000000000040 /* WrkTimeWatchWidgets */,
			);
			name = WrkTimeWatchWidgetsExtension;
			productName = WrkTimeWatchWidgetsExtension;
			productReference = 1A000000000000000000003B /* WrkTimeWatchWidgetsExtension.appex */;
			productType = "com.apple.product-type.app-extension";
		};
/* End PBXNativeTarget section */

/* Begin PBXProject section */
		1A0000000000000000000001 /* Project object */ = {
			isa = PBXProject;
			attributes = {
				BuildIndependentTargetsInParallel = 1;
				LastSwiftUpdateCheck = 2600;
				LastUpgradeCheck = 2600;
				TargetAttributes = {
					1A0000000000000000000004 = {
						CreatedOnToolsVersion = 26.0;
					};
					1A0000000000000000000005 = {
						CreatedOnToolsVersion = 26.0;
						TestTargetID = 1A0000000000000000000004;
					};
					1A000000000000000000001D = {
						CreatedOnToolsVersion = 26.0;
					};
					1A000000000000000000002D = {
						CreatedOnToolsVersion = 26.0;
					};
					1A000000000000000000003C = {
						CreatedOnToolsVersion = 26.0;
					};
				};
			};
			buildConfigurationList = 1A0000000000000000000010 /* Build configuration list for PBXProject "WrkTime" */;
			developmentRegion = en;
			hasScannedForEncodings = 0;
			knownRegions = (
				en,
				Base,
			);
			mainGroup = 1A0000000000000000000002;
			minimizedProjectReferenceProxies = 1;
			preferredProjectObjectVersion = 77;
			productRefGroup = 1A0000000000000000000003 /* Products */;
			projectDirPath = "";
			projectRoot = "";
			targets = (
				1A0000000000000000000004 /* WrkTime */,
				1A000000000000000000001D /* WrkTimeWidgetsExtension */,
				1A000000000000000000002D /* WrkTimeWatch */,
				1A000000000000000000003C /* WrkTimeWatchWidgetsExtension */,
				1A0000000000000000000005 /* WrkTimeTests */,
			);
		};
/* End PBXProject section */

/* Begin PBXResourcesBuildPhase section */
		1A000000000000000000000C /* Resources */ = {
			isa = PBXResourcesBuildPhase;
			buildActionMask = 2147483647;
			files = (
			);
			runOnlyForDeploymentPostprocessing = 0;
		};
		1A000000000000000000000F /* Resources */ = {
			isa = PBXResourcesBuildPhase;
			buildActionMask = 2147483647;
			files = (
			);
			runOnlyForDeploymentPostprocessing = 0;
		};
		1A0000000000000000000021 /* Resources */ = {
			isa = PBXResourcesBuildPhase;
			buildActionMask = 2147483647;
			files = (
			);
			runOnlyForDeploymentPostprocessing = 0;
		};
		1A0000000000000000000030 /* Resources */ = {
			isa = PBXResourcesBuildPhase;
			buildActionMask = 2147483647;
			files = (
			);
			runOnlyForDeploymentPostprocessing = 0;
		};
		1A000000000000000000003F /* Resources */ = {
			isa = PBXResourcesBuildPhase;
			buildActionMask = 2147483647;
			files = (
			);
			runOnlyForDeploymentPostprocessing = 0;
		};
/* End PBXResourcesBuildPhase section */

/* Begin PBXSourcesBuildPhase section */
		1A000000000000000000000A /* Sources */ = {
			isa = PBXSourcesBuildPhase;
			buildActionMask = 2147483647;
			files = (
			);
			runOnlyForDeploymentPostprocessing = 0;
		};
		1A000000000000000000000D /* Sources */ = {
			isa = PBXSourcesBuildPhase;
			buildActionMask = 2147483647;
			files = (
			);
			runOnlyForDeploymentPostprocessing = 0;
		};
		1A000000000000000000001F /* Sources */ = {
			isa = PBXSourcesBuildPhase;
			buildActionMask = 2147483647;
			files = (
			);
			runOnlyForDeploymentPostprocessing = 0;
		};
		1A000000000000000000002E /* Sources */ = {
			isa = PBXSourcesBuildPhase;
			buildActionMask = 2147483647;
			files = (
			);
			runOnlyForDeploymentPostprocessing = 0;
		};
		1A000000000000000000003D /* Sources */ = {
			isa = PBXSourcesBuildPhase;
			buildActionMask = 2147483647;
			files = (
			);
			runOnlyForDeploymentPostprocessing = 0;
		};
/* End PBXSourcesBuildPhase section */

/* Begin PBXTargetDependency section */
		1A0000000000000000000019 /* PBXTargetDependency */ = {
			isa = PBXTargetDependency;
			target = 1A0000000000000000000004 /* WrkTime */;
			targetProxy = 1A000000000000000000001A /* PBXContainerItemProxy */;
		};
		1A0000000000000000000027 /* PBXTargetDependency */ = {
			isa = PBXTargetDependency;
			target = 1A000000000000000000001D /* WrkTimeWidgetsExtension */;
			targetProxy = 1A0000000000000000000028 /* PBXContainerItemProxy */;
		};
		1A0000000000000000000039 /* PBXTargetDependency */ = {
			isa = PBXTargetDependency;
			target = 1A000000000000000000002D /* WrkTimeWatch */;
			targetProxy = 1A000000000000000000003A /* PBXContainerItemProxy */;
		};
		1A0000000000000000000046 /* PBXTargetDependency */ = {
			isa = PBXTargetDependency;
			target = 1A000000000000000000003C /* WrkTimeWatchWidgetsExtension */;
			targetProxy = 1A0000000000000000000047 /* PBXContainerItemProxy */;
		};
/* End PBXTargetDependency section */

/* Begin XCBuildConfiguration section */
		1A0000000000000000000013 /* Debug */ = {
			isa = XCBuildConfiguration;
			buildSettings = {
				ALWAYS_SEARCH_USER_PATHS = NO;
				CLANG_ENABLE_MODULES = YES;
				CLANG_ENABLE_OBJC_ARC = YES;
				COPY_PHASE_STRIP = NO;
				DEBUG_INFORMATION_FORMAT = dwarf;
				ENABLE_STRICT_OBJC_MSGSEND = YES;
				ENABLE_TESTABILITY = YES;
				ENABLE_USER_SCRIPT_SANDBOXING = YES;
				GCC_C_LANGUAGE_STANDARD = gnu17;
				GCC_OPTIMIZATION_LEVEL = 0;
				GCC_PREPROCESSOR_DEFINITIONS = (
					"DEBUG=1",
					"$(inherited)",
				);
				IPHONEOS_DEPLOYMENT_TARGET = 18.0;
				MTL_ENABLE_DEBUG_INFO = INCLUDE_SOURCE;
				MTL_FAST_MATH = YES;
				ONLY_ACTIVE_ARCH = YES;
				SDKROOT = iphoneos;
				SWIFT_ACTIVE_COMPILATION_CONDITIONS = "DEBUG $(inherited)";
				SWIFT_OPTIMIZATION_LEVEL = "-Onone";
				SWIFT_VERSION = 6.0;
			};
			name = Debug;
		};
		1A0000000000000000000014 /* Release */ = {
			isa = XCBuildConfiguration;
			buildSettings = {
				ALWAYS_SEARCH_USER_PATHS = NO;
				CLANG_ENABLE_MODULES = YES;
				CLANG_ENABLE_OBJC_ARC = YES;
				COPY_PHASE_STRIP = NO;
				DEBUG_INFORMATION_FORMAT = "dwarf-with-dsym";
				ENABLE_NS_ASSERTIONS = NO;
				ENABLE_STRICT_OBJC_MSGSEND = YES;
				ENABLE_USER_SCRIPT_SANDBOXING = YES;
				GCC_C_LANGUAGE_STANDARD = gnu17;
				IPHONEOS_DEPLOYMENT_TARGET = 18.0;
				MTL_ENABLE_DEBUG_INFO = NO;
				MTL_FAST_MATH = YES;
				SDKROOT = iphoneos;
				SWIFT_COMPILATION_MODE = wholemodule;
				SWIFT_VERSION = 6.0;
				VALIDATE_PRODUCT = YES;
			};
			name = Release;
		};
		1A0000000000000000000015 /* Debug */ = {
			isa = XCBuildConfiguration;
			buildSettings = {
				ASSETCATALOG_COMPILER_APPICON_NAME = AppIcon;
				ASSETCATALOG_COMPILER_GLOBAL_ACCENT_COLOR_NAME = AccentColor;
				CODE_SIGN_ENTITLEMENTS = WrkTime/WrkTime.entitlements;
				CODE_SIGN_STYLE = Automatic;
				CURRENT_PROJECT_VERSION = 1;
				DEVELOPMENT_TEAM = ZD68VKT8X2;
				ENABLE_PREVIEWS = YES;
				GENERATE_INFOPLIST_FILE = YES;
				INFOPLIST_FILE = WrkTime/Info.plist;
				INFOPLIST_KEY_CFBundleDisplayName = Almanac;
				INFOPLIST_KEY_NSHealthShareUsageDescription = "Read your weight from the Loftilla scale, and your sleep, heart rate and walks from Whoop, so the plan can adjust to how you are actually recovering.";
				INFOPLIST_KEY_NSHealthUpdateUsageDescription = "Save completed sessions to Health so they count toward your rings.";
				INFOPLIST_KEY_NSSupportsLiveActivities = YES;
				INFOPLIST_KEY_NSSupportsLiveActivitiesFrequentUpdates = NO;
				INFOPLIST_KEY_UIApplicationSceneManifest_Generation = YES;
				INFOPLIST_KEY_UIStatusBarStyle = UIStatusBarStyleDefault;
				INFOPLIST_KEY_UISupportedInterfaceOrientations = UIInterfaceOrientationPortrait;
				LD_RUNPATH_SEARCH_PATHS = (
					"$(inherited)",
					"@executable_path/Frameworks",
				);
				MARKETING_VERSION = 0.1;
				PRODUCT_BUNDLE_IDENTIFIER = com.zee.wrktime;
				PRODUCT_NAME = "$(TARGET_NAME)";
				SWIFT_ACTIVE_COMPILATION_CONDITIONS = "$(inherited) CLOUDKIT_SYNC";
				SWIFT_EMIT_LOC_STRINGS = YES;
				TARGETED_DEVICE_FAMILY = 1;
			};
			name = Debug;
		};
		1A0000000000000000000016 /* Release */ = {
			isa = XCBuildConfiguration;
			buildSettings = {
				ASSETCATALOG_COMPILER_APPICON_NAME = AppIcon;
				ASSETCATALOG_COMPILER_GLOBAL_ACCENT_COLOR_NAME = AccentColor;
				CODE_SIGN_ENTITLEMENTS = WrkTime/WrkTime.entitlements;
				CODE_SIGN_STYLE = Automatic;
				CURRENT_PROJECT_VERSION = 1;
				DEVELOPMENT_TEAM = ZD68VKT8X2;
				ENABLE_PREVIEWS = YES;
				GENERATE_INFOPLIST_FILE = YES;
				INFOPLIST_FILE = WrkTime/Info.plist;
				INFOPLIST_KEY_CFBundleDisplayName = Almanac;
				INFOPLIST_KEY_NSHealthShareUsageDescription = "Read your weight from the Loftilla scale, and your sleep, heart rate and walks from Whoop, so the plan can adjust to how you are actually recovering.";
				INFOPLIST_KEY_NSHealthUpdateUsageDescription = "Save completed sessions to Health so they count toward your rings.";
				INFOPLIST_KEY_NSSupportsLiveActivities = YES;
				INFOPLIST_KEY_NSSupportsLiveActivitiesFrequentUpdates = NO;
				INFOPLIST_KEY_UIApplicationSceneManifest_Generation = YES;
				INFOPLIST_KEY_UIStatusBarStyle = UIStatusBarStyleDefault;
				INFOPLIST_KEY_UISupportedInterfaceOrientations = UIInterfaceOrientationPortrait;
				LD_RUNPATH_SEARCH_PATHS = (
					"$(inherited)",
					"@executable_path/Frameworks",
				);
				MARKETING_VERSION = 0.1;
				PRODUCT_BUNDLE_IDENTIFIER = com.zee.wrktime;
				PRODUCT_NAME = "$(TARGET_NAME)";
				SWIFT_ACTIVE_COMPILATION_CONDITIONS = "$(inherited) CLOUDKIT_SYNC";
				SWIFT_EMIT_LOC_STRINGS = YES;
				TARGETED_DEVICE_FAMILY = 1;
			};
			name = Release;
		};
		1A0000000000000000000017 /* Debug */ = {
			isa = XCBuildConfiguration;
			buildSettings = {
				BUNDLE_LOADER = "$(TEST_HOST)";
				CODE_SIGN_STYLE = Automatic;
				CURRENT_PROJECT_VERSION = 1;
				DEVELOPMENT_TEAM = ZD68VKT8X2;
				GENERATE_INFOPLIST_FILE = YES;
				MARKETING_VERSION = 0.1;
				PRODUCT_BUNDLE_IDENTIFIER = com.zee.wrktime.tests;
				PRODUCT_NAME = "$(TARGET_NAME)";
				SWIFT_EMIT_LOC_STRINGS = NO;
				TARGETED_DEVICE_FAMILY = 1;
				TEST_HOST = "$(BUILT_PRODUCTS_DIR)/WrkTime.app/$(BUNDLE_EXECUTABLE_FOLDER_PATH)/WrkTime";
			};
			name = Debug;
		};
		1A0000000000000000000018 /* Release */ = {
			isa = XCBuildConfiguration;
			buildSettings = {
				BUNDLE_LOADER = "$(TEST_HOST)";
				CODE_SIGN_STYLE = Automatic;
				CURRENT_PROJECT_VERSION = 1;
				DEVELOPMENT_TEAM = ZD68VKT8X2;
				GENERATE_INFOPLIST_FILE = YES;
				MARKETING_VERSION = 0.1;
				PRODUCT_BUNDLE_IDENTIFIER = com.zee.wrktime.tests;
				PRODUCT_NAME = "$(TARGET_NAME)";
				SWIFT_EMIT_LOC_STRINGS = NO;
				TARGETED_DEVICE_FAMILY = 1;
				TEST_HOST = "$(BUILT_PRODUCTS_DIR)/WrkTime.app/$(BUNDLE_EXECUTABLE_FOLDER_PATH)/WrkTime";
			};
			name = Release;
		};
		1A0000000000000000000023 /* Debug */ = {
			isa = XCBuildConfiguration;
			buildSettings = {
				ASSETCATALOG_COMPILER_GLOBAL_ACCENT_COLOR_NAME = AccentColor;
				CODE_SIGN_ENTITLEMENTS = WrkTimeWidgets/WrkTimeWidgets.entitlements;
				CODE_SIGN_STYLE = Automatic;
				CURRENT_PROJECT_VERSION = 1;
				DEVELOPMENT_TEAM = ZD68VKT8X2;
				GENERATE_INFOPLIST_FILE = YES;
				INFOPLIST_FILE = WrkTimeWidgets/Info.plist;
				INFOPLIST_KEY_CFBundleDisplayName = Almanac;
				INFOPLIST_KEY_NSHumanReadableCopyright = "";
				IPHONEOS_DEPLOYMENT_TARGET = 18.0;
				LD_RUNPATH_SEARCH_PATHS = (
					"$(inherited)",
					"@executable_path/Frameworks",
					"@executable_path/../../Frameworks",
				);
				MARKETING_VERSION = 0.1;
				PRODUCT_BUNDLE_IDENTIFIER = com.zee.wrktime.widgets;
				PRODUCT_NAME = "$(TARGET_NAME)";
				SKIP_INSTALL = YES;
				SWIFT_EMIT_LOC_STRINGS = YES;
				TARGETED_DEVICE_FAMILY = 1;
			};
			name = Debug;
		};
		1A0000000000000000000024 /* Release */ = {
			isa = XCBuildConfiguration;
			buildSettings = {
				ASSETCATALOG_COMPILER_GLOBAL_ACCENT_COLOR_NAME = AccentColor;
				CODE_SIGN_ENTITLEMENTS = WrkTimeWidgets/WrkTimeWidgets.entitlements;
				CODE_SIGN_STYLE = Automatic;
				CURRENT_PROJECT_VERSION = 1;
				DEVELOPMENT_TEAM = ZD68VKT8X2;
				GENERATE_INFOPLIST_FILE = YES;
				INFOPLIST_FILE = WrkTimeWidgets/Info.plist;
				INFOPLIST_KEY_CFBundleDisplayName = Almanac;
				INFOPLIST_KEY_NSHumanReadableCopyright = "";
				IPHONEOS_DEPLOYMENT_TARGET = 18.0;
				LD_RUNPATH_SEARCH_PATHS = (
					"$(inherited)",
					"@executable_path/Frameworks",
					"@executable_path/../../Frameworks",
				);
				MARKETING_VERSION = 0.1;
				PRODUCT_BUNDLE_IDENTIFIER = com.zee.wrktime.widgets;
				PRODUCT_NAME = "$(TARGET_NAME)";
				SKIP_INSTALL = YES;
				SWIFT_EMIT_LOC_STRINGS = YES;
				TARGETED_DEVICE_FAMILY = 1;
			};
			name = Release;
		};
		1A0000000000000000000034 /* Debug */ = {
			isa = XCBuildConfiguration;
			buildSettings = {
				ASSETCATALOG_COMPILER_APPICON_NAME = AppIcon;
				ASSETCATALOG_COMPILER_GLOBAL_ACCENT_COLOR_NAME = AccentColor;
				CODE_SIGN_ENTITLEMENTS = WrkTimeWatch/WrkTimeWatch.entitlements;
				CODE_SIGN_STYLE = Automatic;
				CURRENT_PROJECT_VERSION = 1;
				DEVELOPMENT_TEAM = ZD68VKT8X2;
				ENABLE_PREVIEWS = YES;
				GENERATE_INFOPLIST_FILE = YES;
				INFOPLIST_FILE = WrkTimeWatch/Info.plist;
				INFOPLIST_KEY_CFBundleDisplayName = Almanac;
				INFOPLIST_KEY_NSHealthShareUsageDescription = "Read your heart rate during a session so it can be kept with the record.";
				INFOPLIST_KEY_NSHealthUpdateUsageDescription = "Save sessions started on the watch to Health so they count toward your rings.";
				INFOPLIST_KEY_UISupportedInterfaceOrientations = "UIInterfaceOrientationPortrait UIInterfaceOrientationPortraitUpsideDown";
				INFOPLIST_KEY_WKCompanionAppBundleIdentifier = com.zee.wrktime;
				INFOPLIST_KEY_WKRunsIndependentlyOfCompanionApp = YES;
				LD_RUNPATH_SEARCH_PATHS = (
					"$(inherited)",
					"@executable_path/Frameworks",
				);
				MARKETING_VERSION = 0.1;
				PRODUCT_BUNDLE_IDENTIFIER = com.zee.wrktime.watchkitapp;
				PRODUCT_NAME = "$(TARGET_NAME)";
				SDKROOT = watchos;
				SKIP_INSTALL = YES;
				SWIFT_ACTIVE_COMPILATION_CONDITIONS = "$(inherited) CLOUDKIT_SYNC";
				SWIFT_EMIT_LOC_STRINGS = YES;
				TARGETED_DEVICE_FAMILY = 4;
				WATCHOS_DEPLOYMENT_TARGET = 11.0;
			};
			name = Debug;
		};
		1A0000000000000000000035 /* Release */ = {
			isa = XCBuildConfiguration;
			buildSettings = {
				ASSETCATALOG_COMPILER_APPICON_NAME = AppIcon;
				ASSETCATALOG_COMPILER_GLOBAL_ACCENT_COLOR_NAME = AccentColor;
				CODE_SIGN_ENTITLEMENTS = WrkTimeWatch/WrkTimeWatch.entitlements;
				CODE_SIGN_STYLE = Automatic;
				CURRENT_PROJECT_VERSION = 1;
				DEVELOPMENT_TEAM = ZD68VKT8X2;
				ENABLE_PREVIEWS = YES;
				GENERATE_INFOPLIST_FILE = YES;
				INFOPLIST_FILE = WrkTimeWatch/Info.plist;
				INFOPLIST_KEY_CFBundleDisplayName = Almanac;
				INFOPLIST_KEY_NSHealthShareUsageDescription = "Read your heart rate during a session so it can be kept with the record.";
				INFOPLIST_KEY_NSHealthUpdateUsageDescription = "Save sessions started on the watch to Health so they count toward your rings.";
				INFOPLIST_KEY_UISupportedInterfaceOrientations = "UIInterfaceOrientationPortrait UIInterfaceOrientationPortraitUpsideDown";
				INFOPLIST_KEY_WKCompanionAppBundleIdentifier = com.zee.wrktime;
				INFOPLIST_KEY_WKRunsIndependentlyOfCompanionApp = YES;
				LD_RUNPATH_SEARCH_PATHS = (
					"$(inherited)",
					"@executable_path/Frameworks",
				);
				MARKETING_VERSION = 0.1;
				PRODUCT_BUNDLE_IDENTIFIER = com.zee.wrktime.watchkitapp;
				PRODUCT_NAME = "$(TARGET_NAME)";
				SDKROOT = watchos;
				SKIP_INSTALL = YES;
				SWIFT_ACTIVE_COMPILATION_CONDITIONS = "$(inherited) CLOUDKIT_SYNC";
				SWIFT_EMIT_LOC_STRINGS = YES;
				TARGETED_DEVICE_FAMILY = 4;
				WATCHOS_DEPLOYMENT_TARGET = 11.0;
			};
			name = Release;
		};
		1A0000000000000000000042 /* Debug */ = {
			isa = XCBuildConfiguration;
			buildSettings = {
				ASSETCATALOG_COMPILER_GLOBAL_ACCENT_COLOR_NAME = AccentColor;
				CODE_SIGN_ENTITLEMENTS = WrkTimeWatchWidgets/WrkTimeWatchWidgets.entitlements;
				CODE_SIGN_STYLE = Automatic;
				CURRENT_PROJECT_VERSION = 1;
				DEVELOPMENT_TEAM = ZD68VKT8X2;
				GENERATE_INFOPLIST_FILE = YES;
				INFOPLIST_FILE = WrkTimeWatchWidgets/Info.plist;
				INFOPLIST_KEY_CFBundleDisplayName = Almanac;
				INFOPLIST_KEY_NSHumanReadableCopyright = "";
				LD_RUNPATH_SEARCH_PATHS = (
					"$(inherited)",
					"@executable_path/Frameworks",
					"@executable_path/../../Frameworks",
				);
				MARKETING_VERSION = 0.1;
				PRODUCT_BUNDLE_IDENTIFIER = com.zee.wrktime.watchkitapp.widgets;
				PRODUCT_NAME = "$(TARGET_NAME)";
				SDKROOT = watchos;
				SKIP_INSTALL = YES;
				SWIFT_EMIT_LOC_STRINGS = YES;
				TARGETED_DEVICE_FAMILY = 4;
				WATCHOS_DEPLOYMENT_TARGET = 11.0;
			};
			name = Debug;
		};
		1A0000000000000000000043 /* Release */ = {
			isa = XCBuildConfiguration;
			buildSettings = {
				ASSETCATALOG_COMPILER_GLOBAL_ACCENT_COLOR_NAME = AccentColor;
				CODE_SIGN_ENTITLEMENTS = WrkTimeWatchWidgets/WrkTimeWatchWidgets.entitlements;
				CODE_SIGN_STYLE = Automatic;
				CURRENT_PROJECT_VERSION = 1;
				DEVELOPMENT_TEAM = ZD68VKT8X2;
				GENERATE_INFOPLIST_FILE = YES;
				INFOPLIST_FILE = WrkTimeWatchWidgets/Info.plist;
				INFOPLIST_KEY_CFBundleDisplayName = Almanac;
				INFOPLIST_KEY_NSHumanReadableCopyright = "";
				LD_RUNPATH_SEARCH_PATHS = (
					"$(inherited)",
					"@executable_path/Frameworks",
					"@executable_path/../../Frameworks",
				);
				MARKETING_VERSION = 0.1;
				PRODUCT_BUNDLE_IDENTIFIER = com.zee.wrktime.watchkitapp.widgets;
				PRODUCT_NAME = "$(TARGET_NAME)";
				SDKROOT = watchos;
				SKIP_INSTALL = YES;
				SWIFT_EMIT_LOC_STRINGS = YES;
				TARGETED_DEVICE_FAMILY = 4;
				WATCHOS_DEPLOYMENT_TARGET = 11.0;
			};
			name = Release;
		};
/* End XCBuildConfiguration section */

/* Begin XCConfigurationList section */
		1A0000000000000000000010 /* Build configuration list for PBXProject "WrkTime" */ = {
			isa = XCConfigurationList;
			buildConfigurations = (
				1A0000000000000000000013 /* Debug */,
				1A0000000000000000000014 /* Release */,
			);
			defaultConfigurationIsVisible = 0;
			defaultConfigurationName = Release;
		};
		1A0000000000000000000011 /* Build configuration list for PBXNativeTarget "WrkTime" */ = {
			isa = XCConfigurationList;
			buildConfigurations = (
				1A0000000000000000000015 /* Debug */,
				1A0000000000000000000016 /* Release */,
			);
			defaultConfigurationIsVisible = 0;
			defaultConfigurationName = Release;
		};
		1A0000000000000000000012 /* Build configuration list for PBXNativeTarget "WrkTimeTests" */ = {
			isa = XCConfigurationList;
			buildConfigurations = (
				1A0000000000000000000017 /* Debug */,
				1A0000000000000000000018 /* Release */,
			);
			defaultConfigurationIsVisible = 0;
			defaultConfigurationName = Release;
		};
		1A0000000000000000000022 /* Build configuration list for PBXNativeTarget "WrkTimeWidgetsExtension" */ = {
			isa = XCConfigurationList;
			buildConfigurations = (
				1A0000000000000000000023 /* Debug */,
				1A0000000000000000000024 /* Release */,
			);
			defaultConfigurationIsVisible = 0;
			defaultConfigurationName = Release;
		};
		1A0000000000000000000036 /* Build configuration list for PBXNativeTarget "WrkTimeWatch" */ = {
			isa = XCConfigurationList;
			buildConfigurations = (
				1A0000000000000000000034 /* Debug */,
				1A0000000000000000000035 /* Release */,
			);
			defaultConfigurationIsVisible = 0;
			defaultConfigurationName = Release;
		};
		1A0000000000000000000044 /* Build configuration list for PBXNativeTarget "WrkTimeWatchWidgetsExtension" */ = {
			isa = XCConfigurationList;
			buildConfigurations = (
				1A0000000000000000000042 /* Debug */,
				1A0000000000000000000043 /* Release */,
			);
			defaultConfigurationIsVisible = 0;
			defaultConfigurationName = Release;
		};
/* End XCConfigurationList section */
	};
	rootObject = 1A0000000000000000000001 /* Project object */;
}
